
Microsoft Visual Studio Solution File, Format Version 12.00
# Visual Studio 14
VisualStudioVersion = 14.0.25420.1
MinimumVisualStudioVersion = 10.0.40219.1
Project("{8BC9CEB8-8B4A-11D0-8D11-00A0C91BC942}") = "hough", "hough\hough.vcxproj", "{677C4498-36CF-4C6F-AD03-01E52DAEF528}"
EndProject
Global
	GlobalSection(SolutionConfigurationPlatforms) = preSolution
		Debug|x64 = Debug|x64
		Debug|x86 = Debug|x86
		Release|x64 = Release|x64
		Release|x86 = Release|x86
	EndGlobalSection
	GlobalSection(ProjectConfigurationPlatforms) = postSolution
		{677C4498-36CF-4C6F-AD03-01E52DAEF528}.Debug|x64.ActiveCfg = Debug|x64
		{677C4498-36CF-4C6F-AD03-01E52DAEF528}.Debug|x64.Build.0 = Debug|x64
		{677C4498-36CF-4C6F-AD03-01E52DAEF528}.Debug|x86.ActiveCfg = Debug|Win32
		{677C4498-36CF-4C6F-AD03-01E52DAEF528}.Debug|x86.Build.0 = Debug|Win32
		{677C4498-36CF-4C6F-AD03-01E52DAEF528}.Release|x64.ActiveCfg = Release|x64
		{677C4498-36CF-4C6F-AD03-01E52DAEF528}.Release|x64.Build.0 = Release|x64
		{677C4498-36CF-4C6F-AD03-01E52DAEF528}.Release|x86.ActiveCfg = Release|Win32
		{677C4498-36CF-4C6F-AD03-01E52DAEF528}.Release|x86.Build.0 = Release|Win32
	EndGlobalSection
	GlobalSection(SolutionProperties) = preSolution
		HideSolutionNode = FALSE
	EndGlobalSection
EndGlobal
